lockfileVersion: '9.0'

settings:
  autoInstallPeers: true
  excludeLinksFromLockfile: false

importers:

  .:
    dependencies:
      '@prisma/client':
        specifier: 6.6.0
        version: 6.6.0(prisma@6.6.0(typescript@5.9.3))(typescript@5.9.3)
    devDependencies:
      '@playwright/test':
        specifier: ^1.51.1
        version: 1.59.1
      prisma:
        specifier: 6.6.0
        version: 6.6.0(typescript@5.9.3)
      turbo:
        specifier: ^2.5.3
        version: 2.9.6
      typescript:
        specifier: ^5.8.3
        version: 5.9.3

  apps/web:
    dependencies:
      '@decoy/game-engine':
        specifier: workspace:*
        version: link:../../packages/game-engine
      '@decoy/types':
        specifier: workspace:*
        version: link:../../packages/types
      '@decoy/ui':
        specifier: workspace:*
        version: link:../../packages/ui
      ably:
        specifier: ^2.21.0
        version: 2.21.0(react-dom@19.2.5(react@19.2.5))(react@19.2.5)
      next:
        specifier: ^15.3.1
        version: 15.5.15(@playwright/test@1.59.1)(react-dom@19.2.5(react@19.2.5))(react@19.2.5)
      react:
        specifier: ^19.1.0
        version: 19.2.5
      react-dom:
        specifier: ^19.1.0
        version: 19.2.5(react@19.2.5)
    devDependencies:
      '@playwright/test':
        specifier: ^1.51.1
        version: 1.59.1
      '@prisma/nextjs-monorepo-workaround-plugin':
        specifier: ^6.6.0
        version: 6.19.3
      '@types/node':
        specifier: ^22.15.3
        version: 22.19.17
      '@types/react':
        specifier: ^19.1.2
        version: 19.2.14
      '@types/react-dom':
        specifier: ^19.1.2
        version: 19.2.3(@types/react@19.2.14)
      typescript:
        specifier: ^5.8.3
        version: 5.9.3

  packages/backend:
    dependencies:
      '@decoy/database':
        specifier: workspace:*
        version: link:../database
      '@decoy/game-engine':
        specifier: workspace:*
        version: link:../game-engine
      '@decoy/types':
        specifier: workspace:*
        version: link:../types
      ably:
        specifier: ^2.21.0
        version: 2.21.0(react-dom@19.2.5(react@19.2.5))(react@19.2.5)

  packages/config: {}

  packages/database:
    dependencies:
      '@prisma/client':
        specifier: 6.6.0
        version: 6.6.0(prisma@6.6.0(typescript@5.9.3))(typescript@5.9.3)
    devDependencies:
      prisma:
        specifier: 6.6.0
        version: 6.6.0(typescript@5.9.3)

  packages/game-engine: {}

  packages/types: {}

  packages/ui:
    dependencies:
      react:
        specifier: ^19.1.0
        version: 19.2.5
    devDependencies:
      '@types/react':
        specifier: ^19.1.2
        version: 19.2.14

packages:

  '@ably/msgpack-js@0.4.1':
    resolution: {integrity: sha512-Sjxj6SOr17hExAVrsycN7u6oV4PhZcK7Z2S8dM71CH/butgO47cSo/TL6FJPCXUyDAzKkOWjMUpJGyZkEpyu4Q==}

  '@emnapi/runtime@1.9.2':
    resolution: {integrity: sha512-3U4+MIWHImeyu1wnmVygh5WlgfYDtyf0k8AbLhMFxOipihf6nrWC4syIm/SwEeec0mNSafiiNnMJwbza/Is6Lw==}

  '@esbuild/aix-ppc64@0.28.0':
    resolution: {integrity: sha512-lhRUCeuOyJQURhTxl4WkpFTjIsbDayJHih5kZC1giwE+MhIzAb7mEsQMqMf18rHLsrb5qI1tafG20mLxEWcWlA==}
    engines: {node: '>=18'}
    cpu: [ppc64]
    os: [aix]

  '@esbuild/android-arm64@0.28.0':
    resolution: {integrity: sha512-+WzIXQOSaGs33tLEgYPYe/yQHf0WTU0X42Jca3y8NWMbUVhp7rUnw+vAsRC/QiDrdD31IszMrZy+qwPOPjd+rw==}
    engines: {node: '>=18'}
    cpu: [arm64]
    os: [android]

  '@esbuild/android-arm@0.28.0':
    resolution: {integrity: sha512-wqh0ByljabXLKHeWXYLqoJ5jKC4XBaw6Hk08OfMrCRd2nP2ZQ5eleDZC41XHyCNgktBGYMbqnrJKq/K/lzPMSQ==}
    engines: {node: '>=18'}
    cpu: [arm]
    os: [android]

  '@esbuild/android-x64@0.28.0':
    resolution: {integrity: sha512-+VJggoaKhk2VNNqVL7f6S189UzShHC/mR9EE8rDdSkdpN0KflSwWY/gWjDrNxxisg8Fp1ZCD9jLMo4m0OUfeUA==}
    engines: {node: '>=18'}
    cpu: [x64]
    os: [android]

  '@esbuild/darwin-arm64@0.28.0':
    resolution: {integrity: sha512-0T+A9WZm+bZ84nZBtk1ckYsOvyA3x7e2Acj1KdVfV4/2tdG4fzUp91YHx+GArWLtwqp77pBXVCPn2We7Letr0Q==}
    engines: {node: '>=18'}
    cpu: [arm64]
    os: [darwin]

  '@esbuild/darwin-x64@0.28.0':
    resolution: {integrity: sha512-fyzLm/DLDl/84OCfp2f/XQ4flmORsjU7VKt8HLjvIXChJoFFOIL6pLJPH4Yhd1n1gGFF9mPwtlN5Wf82DZs+LQ==}
    engines: {node: '>=18'}
    cpu: [x64]
    os: [darwin]

  '@esbuild/freebsd-arm64@0.28.0':
    resolution: {integrity: sha512-l9GeW5UZBT9k9brBYI+0WDffcRxgHQD8ShN2Ur4xWq/NFzUKm3k5lsH4PdaRgb2w7mI9u61nr2gI2mLI27Nh3Q==}
    engines: {node: '>=18'}
    cpu: [arm64]
    os: [freebsd]

  '@esbuild/freebsd-x64@0.28.0':
    resolution: {integrity: sha512-BXoQai/A0wPO6Es3yFJ7APCiKGc1tdAEOgeTNy3SsB491S3aHn4S4r3e976eUnPdU+NbdtmBuLncYir2tMU9Nw==}
    engines: {node: '>=18'}
    cpu: [x64]
    os: [freebsd]

  '@esbuild/linux-arm64@0.28.0':
    resolution: {integrity: sha512-RVyzfb3FWsGA55n6WY0MEIEPURL1FcbhFE6BffZEMEekfCzCIMtB5yyDcFnVbTnwk+CLAgTujmV/Lgvih56W+A==}
    engines: {node: '>=18'}
    cpu: [arm64]
    os: [linux]

  '@esbuild/linux-arm@0.28.0':
    resolution: {integrity: sha512-CjaaREJagqJp7iTaNQjjidaNbCKYcd4IDkzbwwxtSvjI7NZm79qiHc8HqciMddQ6CKvJT6aBd8lO9kN/ZudLlw==}
    engines: {node: '>=18'}
    cpu: [arm]
    os: [linux]

  '@esbuild/linux-ia32@0.28.0':
    resolution: {integrity: sha512-KBnSTt1kxl9x70q+ydterVdl+Cn0H18ngRMRCEQfrbqdUuntQQ0LoMZv47uB97NljZFzY6HcfqEZ2SAyIUTQBQ==}
    engines: {node: '>=18'}
    cpu: [ia32]
    os: [linux]

  '@esbuild/linux-loong64@0.28.0':
    resolution: {integrity: sha512-zpSlUce1mnxzgBADvxKXX5sl8aYQHo2ezvMNI8I0lbblJtp8V4odlm3Yzlj7gPyt3T8ReksE6bK+pT3WD+aJRg==}
    engines: {node: '>=18'}
    cpu: [loong64]
    os: [linux]

  '@esbuild/linux-mips64el@0.28.0':
    resolution: {integrity: sha512-2jIfP6mmjkdmeTlsX/9vmdmhBmKADrWqN7zcdtHIeNSCH1SqIoNI63cYsjQR8J+wGa4Y5izRcSHSm8K3QWmk3w==}
    engines: {node: '>=18'}
    cpu: [mips64el]
    os: [linux]

  '@esbuild/linux-ppc64@0.28.0':
    resolution: {integrity: sha512-bc0FE9wWeC0WBm49IQMPSPILRocGTQt3j5KPCA8os6VprfuJ7KD+5PzESSrJ6GmPIPJK965ZJHTUlSA6GNYEhg==}
    engines: {node: '>=18'}
    cpu: [ppc64]
    os: [linux]

  '@esbuild/linux-riscv64@0.28.0':
    resolution: {integrity: sha512-SQPZOwoTTT/HXFXQJG/vBX8sOFagGqvZyXcgLA3NhIqcBv1BJU1d46c0rGcrij2B56Z2rNiSLaZOYW5cUk7yLQ==}
    engines: {node: '>=18'}
    cpu: [riscv64]
    os: [linux]

  '@esbuild/linux-s390x@0.28.0':
    resolution: {integrity: sha512-SCfR0HN8CEEjnYnySJTd2cw0k9OHB/YFzt5zgJEwa+wL/T/raGWYMBqwDNAC6dqFKmJYZoQBRfHjgwLHGSrn3Q==}
    engines: {node: '>=18'}
    cpu: [s390x]
    os: [linux]

  '@esbuild/linux-x64@0.28.0':
    resolution: {integrity: sha512-us0dSb9iFxIi8srnpl931Nvs65it/Jd2a2K3qs7fz2WfGPHqzfzZTfec7oxZJRNPXPnNYZtanmRc4AL/JwVzHQ==}
    engines: {node: '>=18'}
    cpu: [x64]
    os: [linux]

  '@esbuild/netbsd-arm64@0.28.0':
    resolution: {integrity: sha512-CR/RYotgtCKwtftMwJlUU7xCVNg3lMYZ0RzTmAHSfLCXw3NtZtNpswLEj/Kkf6kEL3Gw+BpOekRX0BYCtklhUw==}
    engines: {node: '>=18'}
    cpu: [arm64]
    os: [netbsd]

  '@esbuild/netbsd-x64@0.28.0':
    resolution: {integrity: sha512-nU1yhmYutL+fQ71Kxnhg8uEOdC0pwEW9entHykTgEbna2pw2dkbFSMeqjjyHZoCmt8SBkOSvV+yNmm94aUrrqw==}
    engines: {node: '>=18'}
    cpu: [x64]
    os: [netbsd]

  '@esbuild/openbsd-arm64@0.28.0':
    resolution: {integrity: sha512-cXb5vApOsRsxsEl4mcZ1XY3D4DzcoMxR/nnc4IyqYs0rTI8ZKmW6kyyg+11Z8yvgMfAEldKzP7AdP64HnSC/6g==}
    engines: {node: '>=18'}
    cpu: [arm64]
    os: [openbsd]

  '@esbuild/openbsd-x64@0.28.0':
    resolution: {integrity: sha512-8wZM2qqtv9UP3mzy7HiGYNH/zjTA355mpeuA+859TyR+e+Tc08IHYpLJuMsfpDJwoLo1ikIJI8jC3GFjnRClzA==}
    engines: {node: '>=18'}
    cpu: [x64]
    os: [openbsd]

  '@esbuild/openharmony-arm64@0.28.0':
    resolution: {integrity: sha512-FLGfyizszcef5C3YtoyQDACyg95+dndv79i2EekILBofh5wpCa1KuBqOWKrEHZg3zrL3t5ouE5jgr94vA+Wb2w==}
    engines: {node: '>=18'}
    cpu: [arm64]
    os: [openharmony]

  '@esbuild/sunos-x64@0.28.0':
    resolution: {integrity: sha512-1ZgjUoEdHZZl/YlV76TSCz9Hqj9h9YmMGAgAPYd+q4SicWNX3G5GCyx9uhQWSLcbvPW8Ni7lj4gDa1T40akdlw==}
    engines: {node: '>=18'}
    cpu: [x64]
    os: [sunos]

  '@esbuild/win32-arm64@0.28.0':
    resolution: {integrity: sha512-Q9StnDmQ/enxnpxCCLSg0oo4+34B9TdXpuyPeTedN/6+iXBJ4J+zwfQI28u/Jl40nOYAxGoNi7mFP40RUtkmUA==}
    engines: {node: '>=18'}
    cpu: [arm64]
    os: [win32]

  '@esbuild/win32-ia32@0.28.0':
    resolution: {integrity: sha512-zF3ag/gfiCe6U2iczcRzSYJKH1DCI+ByzSENHlM2FcDbEeo5Zd2C86Aq0tKUYAJJ1obRP84ymxIAksZUcdztHA==}
    engines: {node: '>=18'}
    cpu: [ia32]
    os: [win32]

  '@esbuild/win32-x64@0.28.0':
    resolution: {integrity: sha512-pEl1bO9mfAmIC+tW5btTmrKaujg3zGtUmWNdCw/xs70FBjwAL3o9OEKNHvNmnyylD6ubxUERiEhdsL0xBQ9efw==}
    engines: {node: '>=18'}
    cpu: [x64]
    os: [win32]

  '@img/colour@1.1.0':
    resolution: {integrity: sha512-Td76q7j57o/tLVdgS746cYARfSyxk8iEfRxewL9h4OMzYhbW4TAcppl0mT4eyqXddh6L/jwoM75mo7ixa/pCeQ==}
    engines: {node: '>=18'}

  '@img/sharp-darwin-arm64@0.34.5':
    resolution: {integrity: sha512-imtQ3WMJXbMY4fxb/Ndp6HBTNVtWCUI0WdobyheGf5+ad6xX8VIDO8u2xE4qc/fr08CKG/7dDseFtn6M6g/r3w==}
    engines: {node: ^18.17.0 || ^20.3.0 || >=21.0.0}
    cpu: [arm64]
    os: [darwin]

  '@img/sharp-darwin-x64@0.34.5':
    resolution: {integrity: sha512-YNEFAF/4KQ/PeW0N+r+aVVsoIY0/qxxikF2SWdp+NRkmMB7y9LBZAVqQ4yhGCm/H3H270OSykqmQMKLBhBJDEw==}
    engines: {node: ^18.17.0 || ^20.3.0 || >=21.0.0}
    cpu: [x64]
    os: [darwin]

  '@img/sharp-libvips-darwin-arm64@1.2.4':
    resolution: {integrity: sha512-zqjjo7RatFfFoP0MkQ51jfuFZBnVE2pRiaydKJ1G/rHZvnsrHAOcQALIi9sA5co5xenQdTugCvtb1cuf78Vf4g==}
    cpu: [arm64]
    os: [darwin]

  '@img/sharp-libvips-darwin-x64@1.2.4':
    resolution: {integrity: sha512-1IOd5xfVhlGwX+zXv2N93k0yMONvUlANylbJw1eTah8K/Jtpi15KC+WSiaX/nBmbm2HxRM1gZ0nSdjSsrZbGKg==}
    cpu: [x64]
    os: [darwin]

  '@img/sharp-libvips-linux-arm64@1.2.4':
    resolution: {integrity: sha512-excjX8DfsIcJ10x1Kzr4RcWe1edC9PquDRRPx3YVCvQv+U5p7Yin2s32ftzikXojb1PIFc/9Mt28/y+iRklkrw==}
    cpu: [arm64]
    os: [linux]
    libc: [glibc]

  '@img/sharp-libvips-linux-arm@1.2.4':
    resolution: {integrity: sha512-bFI7xcKFELdiNCVov8e44Ia4u2byA+l3XtsAj+Q8tfCwO6BQ8iDojYdvoPMqsKDkuoOo+X6HZA0s0q11ANMQ8A==}
    cpu: [arm]
    os: [linux]
    libc: [glibc]

  '@img/sharp-libvips-linux-ppc64@1.2.4':
    resolution: {integrity: sha512-FMuvGijLDYG6lW+b/UvyilUWu5Ayu+3r2d1S8notiGCIyYU/76eig1UfMmkZ7vwgOrzKzlQbFSuQfgm7GYUPpA==}
    cpu: [ppc64]
    os: [linux]
    libc: [glibc]

  '@img/sharp-libvips-linux-riscv64@1.2.4':
    resolution: {integrity: sha512-oVDbcR4zUC0ce82teubSm+x6ETixtKZBh/qbREIOcI3cULzDyb18Sr/Wcyx7NRQeQzOiHTNbZFF1UwPS2scyGA==}
    cpu: [riscv64]
    os: [linux]
    libc: [glibc]

  '@img/sharp-libvips-linux-s390x@1.2.4':
    resolution: {integrity: sha512-qmp9VrzgPgMoGZyPvrQHqk02uyjA0/QrTO26Tqk6l4ZV0MPWIW6LTkqOIov+J1yEu7MbFQaDpwdwJKhbJvuRxQ==}
    cpu: [s390x]
    os: [linux]
    libc: [glibc]

  '@img/sharp-libvips-linux-x64@1.2.4':
    resolution: {integrity: sha512-tJxiiLsmHc9Ax1bz3oaOYBURTXGIRDODBqhveVHonrHJ9/+k89qbLl0bcJns+e4t4rvaNBxaEZsFtSfAdquPrw==}
    cpu: [x64]
    os: [linux]
    libc: [glibc]

  '@img/sharp-libvips-linuxmusl-arm64@1.2.4':
    resolution: {integrity: sha512-FVQHuwx1IIuNow9QAbYUzJ+En8KcVm9Lk5+uGUQJHaZmMECZmOlix9HnH7n1TRkXMS0pGxIJokIVB9SuqZGGXw==}
    cpu: [arm64]
    os: [linux]
    libc: [musl]

  '@img/sharp-libvips-linuxmusl-x64@1.2.4':
    resolution: {integrity: sha512-+LpyBk7L44ZIXwz/VYfglaX/okxezESc6UxDSoyo2Ks6Jxc4Y7sGjpgU9s4PMgqgjj1gZCylTieNamqA1MF7Dg==}
    cpu: [x64]
    os: [linux]
    libc: [musl]

  '@img/sharp-linux-arm64@0.34.5':
    resolution: {integrity: sha512-bKQzaJRY/bkPOXyKx5EVup7qkaojECG6NLYswgktOZjaXecSAeCWiZwwiFf3/Y+O1HrauiE3FVsGxFg8c24rZg==}
    engines: {node: ^18.17.0 || ^20.3.0 || >=21.0.0}
    cpu: [arm64]
    os: [linux]
    libc: [glibc]

  '@img/sharp-linux-arm@0.34.5':
    resolution: {integrity: sha512-9dLqsvwtg1uuXBGZKsxem9595+ujv0sJ6Vi8wcTANSFpwV/GONat5eCkzQo/1O6zRIkh0m/8+5BjrRr7jDUSZw==}
    engines: {node: ^18.17.0 || ^20.3.0 || >=21.0.0}
    cpu: [arm]
    os: [linux]
    libc: [glibc]

  '@img/sharp-linux-ppc64@0.34.5':
    resolution: {integrity: sha512-7zznwNaqW6YtsfrGGDA6BRkISKAAE1Jo0QdpNYXNMHu2+0dTrPflTLNkpc8l7MUP5M16ZJcUvysVWWrMefZquA==}
    engines: {node: ^18.17.0 || ^20.3.0 || >=21.0.0}
    cpu: [ppc64]
    os: [linux]
    libc: [glibc]

  '@img/sharp-linux-riscv64@0.34.5':
    resolution: {integrity: sha512-51gJuLPTKa7piYPaVs8GmByo7/U7/7TZOq+cnXJIHZKavIRHAP77e3N2HEl3dgiqdD/w0yUfiJnII77PuDDFdw==}
    engines: {node: ^18.17.0 || ^20.3.0 || >=21.0.0}
    cpu: [riscv64]
    os: [linux]
    libc: [glibc]

  '@img/sharp-linux-s390x@0.34.5':
    resolution: {integrity: sha512-nQtCk0PdKfho3eC5MrbQoigJ2gd1CgddUMkabUj+rBevs8tZ2cULOx46E7oyX+04WGfABgIwmMC0VqieTiR4jg==}
    engines: {node: ^18.17.0 || ^20.3.0 || >=21.0.0}
    cpu: [s390x]
    os: [linux]
    libc: [glibc]

  '@img/sharp-linux-x64@0.34.5':
    resolution: {integrity: sha512-MEzd8HPKxVxVenwAa+JRPwEC7QFjoPWuS5NZnBt6B3pu7EG2Ge0id1oLHZpPJdn3OQK+BQDiw9zStiHBTJQQQQ==}
    engines: {node: ^18.17.0 || ^20.3.0 || >=21.0.0}
    cpu: [x64]
    os: [linux]
    libc: [glibc]

  '@img/sharp-linuxmusl-arm64@0.34.5':
    resolution: {integrity: sha512-fprJR6GtRsMt6Kyfq44IsChVZeGN97gTD331weR1ex1c1rypDEABN6Tm2xa1wE6lYb5DdEnk03NZPqA7Id21yg==}
    engines: {node: ^18.17.0 || ^20.3.0 || >=21.0.0}
    cpu: [arm64]
    os: [linux]
    libc: [musl]

  '@img/sharp-linuxmusl-x64@0.34.5':
    resolution: {integrity: sha512-Jg8wNT1MUzIvhBFxViqrEhWDGzqymo3sV7z7ZsaWbZNDLXRJZoRGrjulp60YYtV4wfY8VIKcWidjojlLcWrd8Q==}
    engines: {node: ^18.17.0 || ^20.3.0 || >=21.0.0}
    cpu: [x64]
    os: [linux]
    libc: [musl]

  '@img/sharp-wasm32@0.34.5':
    resolution: {integrity: sha512-OdWTEiVkY2PHwqkbBI8frFxQQFekHaSSkUIJkwzclWZe64O1X4UlUjqqqLaPbUpMOQk6FBu/HtlGXNblIs0huw==}
    engines: {node: ^18.17.0 || ^20.3.0 || >=21.0.0}
    cpu: [wasm32]

  '@img/sharp-win32-arm64@0.34.5':
    resolution: {integrity: sha512-WQ3AgWCWYSb2yt+IG8mnC6Jdk9Whs7O0gxphblsLvdhSpSTtmu69ZG1Gkb6NuvxsNACwiPV6cNSZNzt0KPsw7g==}
    engines: {node: ^18.17.0 || ^20.3.0 || >=21.0.0}
    cpu: [arm64]
    os: [win32]

  '@img/sharp-win32-ia32@0.34.5':
    resolution: {integrity: sha512-FV9m/7NmeCmSHDD5j4+4pNI8Cp3aW+JvLoXcTUo0IqyjSfAZJ8dIUmijx1qaJsIiU+Hosw6xM5KijAWRJCSgNg==}
    engines: {node: ^18.17.0 || ^20.3.0 || >=21.0.0}
    cpu: [ia32]
    os: [win32]

  '@img/sharp-win32-x64@0.34.5':
    resolution: {integrity: sha512-+29YMsqY2/9eFEiW93eqWnuLcWcufowXewwSNIT6UwZdUUCrM3oFjMWH/Z6/TMmb4hlFenmfAVbpWeup2jryCw==}
    engines: {node: ^18.17.0 || ^20.3.0 || >=21.0.0}
    cpu: [x64]
    os: [win32]

  '@next/env@15.5.15':
    resolution: {integrity: sha512-vcmyu5/MyFzN7CdqRHO3uHO44p/QPCZkuTUXroeUmhNP8bL5PHFEhik22JUazt+CDDoD6EpBYRCaS2pISL+/hg==}

  '@next/swc-darwin-arm64@15.5.15':
    resolution: {integrity: sha512-6PvFO2Tzt10GFK2Ro9tAVEtacMqRmTarYMFKAnV2vYMdwWc73xzmDQyAV7SwEdMhzmiRoo7+m88DuiXlJlGeaw==}
    engines: {node: '>= 10'}
    cpu: [arm64]
    os: [darwin]

  '@next/swc-darwin-x64@15.5.15':
    resolution: {integrity: sha512-G+YNV+z6FDZTp/+IdGyIMFqalBTaQSnvAA+X/hrt+eaTRFSznRMz9K7rTmzvM6tDmKegNtyzgufZW0HwVzEqaQ==}
    engines: {node: '>= 10'}
    cpu: [x64]
    os: [darwin]

  '@next/swc-linux-arm64-gnu@15.5.15':
    resolution: {integrity: sha512-eVkrMcVIBqGfXB+QUC7jjZ94Z6uX/dNStbQFabewAnk13Uy18Igd1YZ/GtPRzdhtm7QwC0e6o7zOQecul4iC1w==}
    engines: {node: '>= 10'}
    cpu: [arm64]
    os: [linux]
    libc: [glibc]

  '@next/swc-linux-arm64-musl@15.5.15':
    resolution: {integrity: sha512-RwSHKMQ7InLy5GfkY2/n5PcFycKA08qI1VST78n09nN36nUPqCvGSMiLXlfUmzmpQpF6XeBYP2KRWHi0UW3uNg==}
    engines: {node: '>= 10'}
    cpu: [arm64]
    os: [linux]
    libc: [musl]

  '@next/swc-linux-x64-gnu@15.5.15':
    resolution: {integrity: sha512-nplqvY86LakS+eeiuWsNWvfmK8pFcOEW7ZtVRt4QH70lL+0x6LG/m1OpJ/tvrbwjmR8HH9/fH2jzW1GlL03TIg==}
    engines: {node: '>= 10'}
    cpu: [x64]
    os: [linux]
    libc: [glibc]

  '@next/swc-linux-x64-musl@15.5.15':
    resolution: {integrity: sha512-eAgl9NKQ84/sww0v81DQINl/vL2IBxD7sMybd0cWRw6wqgouVI53brVRBrggqBRP/NWeIAE1dm5cbKYoiMlqDQ==}
    engines: {node: '>= 10'}
    cpu: [x64]
    os: [linux]
    libc: [musl]

  '@next/swc-win32-arm64-msvc@15.5.15':
    resolution: {integrity: sha512-GJVZC86lzSquh0MtvZT+L7G8+jMnJcldloOjA8Kf3wXvBrvb6OGe2MzPuALxFshSm/IpwUtD2mIoof39ymf52A==}
    engines: {node: '>= 10'}
    cpu: [arm64]
    os: [win32]

  '@next/swc-win32-x64-msvc@15.5.15':
    resolution: {integrity: sha512-nFucjVdwlFqxh/JG3hWSJ4p8+YJV7Ii8aPDuBQULB6DzUF4UNZETXLfEUk+oI2zEznWWULPt7MeuTE6xtK1HSA==}
    engines: {node: '>= 10'}
    cpu: [x64]
    os: [win32]

  '@playwright/test@1.59.1':
    resolution: {integrity: sha512-PG6q63nQg5c9rIi4/Z5lR5IVF7yU5MqmKaPOe0HSc0O2cX1fPi96sUQu5j7eo4gKCkB2AnNGoWt7y4/Xx3Kcqg==}
    engines: {node: '>=18'}
    hasBin: true

  '@prisma/client@6.6.0':
    resolution: {integrity: sha512-vfp73YT/BHsWWOAuthKQ/1lBgESSqYqAWZEYyTdGXyFAHpmewwWL2Iz6ErIzkj4aHbuc6/cGSsE6ZY+pBO04Cg==}
    engines: {node: '>=18.18'}
    peerDependencies:
      prisma: '*'
      typescript: '>=5.1.0'
    peerDependenciesMeta:
      prisma:
        optional: true
      typescript:
        optional: true

  '@prisma/config@6.6.0':
    resolution: {integrity: sha512-d8FlXRHsx72RbN8nA2QCRORNv5AcUnPXgtPvwhXmYkQSMF/j9cKaJg+9VcUzBRXGy9QBckNzEQDEJZdEOZ+ubA==}

  '@prisma/debug@6.6.0':
    resolution: {integrity: sha512-DL6n4IKlW5k2LEXzpN60SQ1kP/F6fqaCgU/McgaYsxSf43GZ8lwtmXLke9efS+L1uGmrhtBUP4npV/QKF8s2ZQ==}

  '@prisma/engines-version@6.6.0-53.f676762280b54cd07c770017ed3711ddde35f37a':
    resolution: {integrity: sha512-JzRaQ5Em1fuEcbR3nUsMNYaIYrOT1iMheenjCvzZblJcjv/3JIuxXN7RCNT5i6lRkLodW5ojCGhR7n5yvnNKrw==}

  '@prisma/engines@6.6.0':
    resolution: {integrity: sha512-nC0IV4NHh7500cozD1fBoTwTD1ydJERndreIjpZr/S3mno3P6tm8qnXmIND5SwUkibNeSJMpgl4gAnlqJ/gVlg==}

  '@prisma/fetch-engine@6.6.0':
    resolution: {integrity: sha512-Ohfo8gKp05LFLZaBlPUApM0M7k43a0jmo86YY35u1/4t+vuQH9mRGU7jGwVzGFY3v+9edeb/cowb1oG4buM1yw==}

  '@prisma/get-platform@6.6.0':
    resolution: {integrity: sha512-3qCwmnT4Jh5WCGUrkWcc6VZaw0JY7eWN175/pcb5Z6FiLZZ3ygY93UX0WuV41bG51a6JN/oBH0uywJ90Y+V5eA==}

  '@prisma/nextjs-monorepo-workaround-plugin@6.19.3':
    resolution: {integrity: sha512-lu3KrWToTwYrkEk1UHoMW4aqa69USu3yaG9+gnHmjeAQuCb804NHq0PvkS7Zd7D/ViDDrIKKQE5pzdwLn1EgoA==}

  '@sindresorhus/is@4.6.0':
    resolution: {integrity: sha512-t09vSN3MdfsyCHoFcTRCH/iUtG7OJ0CsjzB8cjAmKc/va/kIgeDI/TxsigdncE/4be734m0cvIYwNaV4i2XqAw==}
    engines: {node: '>=10'}

  '@swc/helpers@0.5.15':
    resolution: {integrity: sha512-JQ5TuMi45Owi4/BIMAJBoSQoOJu12oOk/gADqlcUL9JEdHB8vyjUSsxqeNXnmXHjYKMi2WcYtezGEEhqUI/E2g==}

  '@szmarczak/http-timer@4.0.6':
    resolution: {integrity: sha512-4BAffykYOgO+5nzBWYwE3W90sBgLJoUPRWWcL8wlyiM8IB8ipJz3UMJ9KXQd1RKQXpKp8Tutn80HZtWsu2u76w==}
    engines: {node: '>=10'}

  '@turbo/darwin-64@2.9.6':
    resolution: {integrity: sha512-X/56SnVXIQZBLKwniGTwEQTGmtE5brSACnKMBWpY3YafuxVYefrC2acamfjgxP7BG5w3I+6jf0UrLoSzgPcSJg==}
    cpu: [x64]
    os: [darwin]

  '@turbo/darwin-arm64@2.9.6':
    resolution: {integrity: sha512-aalBeSl4agT/QtYGDyf/XLajedWzUC9Vg/pm/YO6QQ93vkQ91Vz5uK1ta5RbVRDozQSz4njxUNqRNmOXDzW+qw==}
    cpu: [arm64]
    os: [darwin]

  '@turbo/linux-64@2.9.6':
    resolution: {integrity: sha512-YKi05jnNHaD7vevgYwahpzGwbsNNTwzU2c7VZdmdFm7+cGDP4oREUWSsainiMfRqjRuolQxBwRn8wf1jmu+YZA==}
    cpu: [x64]
    os: [linux]

  '@turbo/linux-arm64@2.9.6':
    resolution: {integrity: sha512-02o/ZS69cOYEDczXvOB2xmyrtzjQ2hVFtWZK1iqxXUfzMmTjZK4UumrfNnjckSg+gqeBfnPRHa0NstA173Ik3g==}
    cpu: [arm64]
    os: [linux]

  '@turbo/windows-64@2.9.6':
    resolution: {integrity: sha512-wVdQjvnBI15wB6JrA+43CtUtagjIMmX6XYO758oZHAsCNSxqRlJtdyujih0D8OCnwCRWiGWGI63zAxR0hO6s9g==}
    cpu: [x64]
    os: [win32]

  '@turbo/windows-arm64@2.9.6':
    resolution: {integrity: sha512-1XUUyWW0W6FTSqGEhU8RHVqb2wP1SPkr7hIvBlMEwH9jr+sJQK5kqeosLJ/QaUv4ecSAd1ZhIrLoW7qslAzT4A==}
    cpu: [arm64]
    os: [win32]

  '@types/cacheable-request@6.0.3':
    resolution: {integrity: sha512-IQ3EbTzGxIigb1I3qPZc1rWJnH0BmSKv5QYTalEwweFvyBDLSAe24zP0le/hyi7ecGfZVlIVAg4BZqb8WBwKqw==}

  '@types/http-cache-semantics@4.2.0':
    resolution: {integrity: sha512-L3LgimLHXtGkWikKnsPg0/VFx9OGZaC+eN1u4r+OB1XRqH3meBIAVC2zr1WdMH+RHmnRkqliQAOHNJ/E0j/e0Q==}

  '@types/keyv@3.1.4':
    resolution: {integrity: sha512-BQ5aZNSCpj7D6K2ksrRCTmKRLEpnPvWDiLPfoGyhZ++8YtiK9d/3DBKPJgry359X/P1PfruyYwvnvwFjuEiEIg==}

  '@types/node@22.19.17':
    resolution: {integrity: sha512-wGdMcf+vPYM6jikpS/qhg6WiqSV/OhG+jeeHT/KlVqxYfD40iYJf9/AE1uQxVWFvU7MipKRkRv8NSHiCGgPr8Q==}

  '@types/react-dom@19.2.3':
    resolution: {integrity: sha512-jp2L/eY6fn+KgVVQAOqYItbF0VY/YApe5Mz2F0aykSO8gx31bYCZyvSeYxCHKvzHG5eZjc+zyaS5BrBWya2+kQ==}
    peerDependencies:
      '@types/react': ^19.2.0

  '@types/react@19.2.14':
    resolution: {integrity: sha512-ilcTH/UniCkMdtexkoCN0bI7pMcJDvmQFPvuPvmEaYA/NSfFTAgdUSLAoVjaRJm7+6PvcM+q1zYOwS4wTYMF9w==}

  '@types/responselike@1.0.3':
    resolution: {integrity: sha512-H/+L+UkTV33uf49PH5pCAUBVPNj2nDBXTN+qS1dOwyyg24l3CcicicCA7ca+HMvJBZcFgl5r8e+RR6elsb4Lyw==}

  ably@2.21.0:
    resolution: {integrity: sha512-Zgs3O/hqhnTEoXeV1WxoQeLaww58JbnDVFbVeEDj2kCHeuLPeavTbyf2NQBkxAM3jooN5mILaP0PDm79NOcpKw==}
    engines: {node: '>=16'}
    peerDependencies:
      react: '>=16.8.0'
      react-dom: '>=16.8.0'
    peerDependenciesMeta:
      react:
        optional: true
      react-dom:
        optional: true

  base64-js@1.0.2:
    resolution: {integrity: sha512-ZXBDPMt/v/8fsIqn+Z5VwrhdR6jVka0bYobHdGia0Nxi7BJ9i/Uvml3AocHIBtIIBhZjBw5MR0aR4ROs/8+SNg==}
    engines: {node: '>= 0.4'}

  bops@1.0.1:
    resolution: {integrity: sha512-qCMBuZKP36tELrrgXpAfM+gHzqa0nLsWZ+L37ncsb8txYlnAoxOPpVp+g7fK0sGkMXfA0wl8uQkESqw3v4HNag==}

  cacheable-lookup@5.0.4:
    resolution: {integrity: sha512-2/kNscPhpcxrOigMZzbiWF7dz8ilhb/nIHU3EyZiXWXpeq/au8qJ8VhdftMkty3n7Gj6HIGalQG8oiBNB3AJgA==}
    engines: {node: '>=10.6.0'}

  cacheable-request@7.0.4:
    resolution: {integrity: sha512-v+p6ongsrp0yTGbJXjgxPow2+DL93DASP4kXCDKb8/bwRtt9OEF3whggkkDkGNzgcWy2XaF4a8nZglC7uElscg==}
    engines: {node: '>=8'}

  caniuse-lite@1.0.30001787:
    resolution: {integrity: sha512-mNcrMN9KeI68u7muanUpEejSLghOKlVhRqS/Za2IeyGllJ9I9otGpR9g3nsw7n4W378TE/LyIteA0+/FOZm4Kg==}

  client-only@0.0.1:
    resolution: {integrity: sha512-IV3Ou0jSMzZrd3pZ48nLkT9DA7Ag1pnPzaiQhpW7c3RbcqqzvzzVu+L8gfqMp/8IM2MQtSiqaCxrrcfu8I8rMA==}

  clone-response@1.0.3:
    resolution: {integrity: sha512-ROoL94jJH2dUVML2Y/5PEDNaSHgeOdSDicUyS7izcF63G6sTc/FTjLub4b8Il9S8S0beOfYt0TaA5qvFK+w0wA==}

  csstype@3.2.3:
    resolution: {integrity: sha512-z1HGKcYy2xA8AGQfwrn0PAy+PB7X/GSj3UVJW9qKyn43xWa+gl5nXmU4qqLMRzWVLFC8KusUX8T/0kCiOYpAIQ==}

  debug@4.4.3:
    resolution: {integrity: sha512-RGwwWnwQvkVfavKVt22FGLw+xYSdzARwm0ru6DhTVA3umU5hZc28V3kO4stgYryrTlLpuvgI9GiijltAjNbcqA==}
    engines: {node: '>=6.0'}
    peerDependencies:
      supports-color: '*'
    peerDependenciesMeta:
      supports-color:
        optional: true

  decompress-response@6.0.0:
    resolution: {integrity: sha512-aW35yZM6Bb/4oJlZncMH2LCoZtJXTRxES17vE3hoRiowU2kWHaJKFkSBDnDR+cm9J+9QhXmREyIfv0pji9ejCQ==}
    engines: {node: '>=10'}

  defer-to-connect@2.0.1:
    resolution: {integrity: sha512-4tvttepXG1VaYGrRibk5EwJd1t4udunSOVMdLSAL6mId1ix438oPwPZMALY41FCijukO1L0twNcGsdzS7dHgDg==}
    engines: {node: '>=10'}

  dequal@2.0.3:
    resolution: {integrity: sha512-0je+qPKHEMohvfRTCEo3CrPG6cAzAYgmzKyxRiYSSDkS6eGJdyVJm7WaYA5ECaAD9wLB2T4EEeymA5aFVcYXCA==}
    engines: {node: '>=6'}

  detect-libc@2.1.2:
    resolution: {integrity: sha512-Btj2BOOO83o3WyH59e8MgXsxEQVcarkUOpEYrubB0urwnN10yQ364rsiByU11nZlqWYZm05i/of7io4mzihBtQ==}
    engines: {node: '>=8'}

  end-of-stream@1.4.5:
    resolution: {integrity: sha512-ooEGc6HP26xXq/N+GCGOT0JKCLDGrq2bQUZrQ7gyrJiZANJ/8YDTxTpQBXGMn+WbIQXNVpyWymm7KYVICQnyOg==}

  esbuild-register@3.6.0:
    resolution: {integrity: sha512-H2/S7Pm8a9CL1uhp9OvjwrBh5Pvx0H8qVOxNu8Wed9Y7qv56MPtq+GGM8RJpq6glYJn9Wspr8uw7l55uyinNeg==}
    peerDependencies:
      esbuild: '>=0.12 <1'

  esbuild@0.28.0:
    resolution: {integrity: sha512-sNR9MHpXSUV/XB4zmsFKN+QgVG82Cc7+/aaxJ8Adi8hyOac+EXptIp45QBPaVyX3N70664wRbTcLTOemCAnyqw==}
    engines: {node: '>=18'}
    hasBin: true

  fastestsmallesttextencoderdecoder@1.0.22:
    resolution: {integrity: sha512-Pb8d48e+oIuY4MaM64Cd7OW1gt4nxCHs7/ddPPZ/Ic3sg8yVGM7O9wDvZ7us6ScaUupzM+pfBolwtYhN1IxBIw==}

  fsevents@2.3.2:
    resolution: {integrity: sha512-xiqMQR4xAeHTuB9uWm+fFRcIOgKBMiOBP+eXiyT7jsgVCq1bkVygt00oASowB7EdtpOHaaPgKt812P9ab+DDKA==}
    engines: {node: ^8.16.0 || ^10.6.0 || >=11.0.0}
    os: [darwin]

  fsevents@2.3.3:
    resolution: {integrity: sha512-5xoDfX+fL7faATnagmWPpbFtwh/R77WmMMqqHGS65C3vvB0YHrgF+B1YmZ3441tMj5n63k0212XNoJwzlhffQw==}
    engines: {node: ^8.16.0 || ^10.6.0 || >=11.0.0}
    os: [darwin]

  get-stream@5.2.0:
    resolution: {integrity: sha512-nBF+F1rAZVCu/p7rjzgA+Yb4lfYXrpl7a6VmJrU8wF9I1CKvP/QwPNZHnOlwbTkY6dvtFIzFMSyQXbLoTQPRpA==}
    engines: {node: '>=8'}

  got@11.8.6:
    resolution: {integrity: sha512-6tfZ91bOr7bOXnK7PRDCGBLa1H4U080YHNaAQ2KsMGlLEzRbk44nsZF2E1IeRc3vtJHPVbKCYgdFbaGO2ljd8g==}
    engines: {node: '>=10.19.0'}

  http-cache-semantics@4.2.0:
    resolution: {integrity: sha512-dTxcvPXqPvXBQpq5dUr6mEMJX4oIEFv6bwom3FDwKRDsuIjjJGANqhBuoAn9c1RQJIdAKav33ED65E2ys+87QQ==}

  http2-wrapper@1.0.3:
    resolution: {integrity: sha512-V+23sDMr12Wnz7iTcDeJr3O6AIxlnvT/bmaAAAP/Xda35C90p9599p0F1eHR/N1KILWSoWVAiOMFjBBXaXSMxg==}
    engines: {node: '>=10.19.0'}

  json-buffer@3.0.1:
    resolution: {integrity: sha512-4bV5BfR2mqfQTJm+V5tPPdf+ZpuhiIvTuAB5g8kcrXOZpTT/QwwVRWBywX1ozr6lEuPdbHxwaJlm9G6mI2sfSQ==}

  keyv@4.5.4:
    resolution: {integrity: sha512-oxVHkHR/EJf2CNXnWxRLW6mg7JyCCUcG0DtEGmL2ctUo1PNTin1PUil+r/+4r5MpVgC/fn1kjsx7mjSujKqIpw==}

  lowercase-keys@2.0.0:
    resolution: {integrity: sha512-tqNXrS78oMOE73NMxK4EMLQsQowWf8jKooH9g7xPavRT706R6bkQJ6DY2Te7QukaZsulxa30wQ7bk0pm4XiHmA==}
    engines: {node: '>=8'}

  mimic-response@1.0.1:
    resolution: {integrity: sha512-j5EctnkH7amfV/q5Hgmoal1g2QHFJRraOtmx0JpIqkxhBhI/lJSl1nMpQ45hVarwNETOoWEimndZ4QK0RHxuxQ==}
    engines: {node: '>=4'}

  mimic-response@3.1.0:
    resolution: {integrity: sha512-z0yWI+4FDrrweS8Zmt4Ej5HdJmky15+L2e6Wgn3+iK5fWzb6T3fhNFq2+MeTRb064c6Wr4N/wv0DzQTjNzHNGQ==}
    engines: {node: '>=10'}

  ms@2.1.3:
    resolution: {integrity: sha512-6FlzubTLZG3J2a/NVCAleEhjzq5oxgHyaCU9yYXvcLsvoVaHJq/s5xXI6/XXP6tz7R9xAOtHnSO/tXtF3WRTlA==}

  nanoid@3.3.11:
    resolution: {integrity: sha512-N8SpfPUnUp1bK+PMYW8qSWdl9U+wwNWI4QKxOYDy9JAro3WMX7p2OeVRF9v+347pnakNevPmiHhNmZ2HbFA76w==}
    engines: {node: ^10 || ^12 || ^13.7 || ^14 || >=15.0.1}
    hasBin: true

  next@15.5.15:
    resolution: {integrity: sha512-VSqCrJwtLVGwAVE0Sb/yikrQfkwkZW9p+lL/J4+xe+G3ZA+QnWPqgcfH1tDUEuk9y+pthzzVFp4L/U8JerMfMQ==}
    engines: {node: ^18.18.0 || ^19.8.0 || >= 20.0.0}
    hasBin: true
    peerDependencies:
      '@opentelemetry/api': ^1.1.0
      '@playwright/test': ^1.51.1
      babel-plugin-react-compiler: '*'
      react: ^18.2.0 || 19.0.0-rc-de68d2f4-20241204 || ^19.0.0
      react-dom: ^18.2.0 || 19.0.0-rc-de68d2f4-20241204 || ^19.0.0
      sass: ^1.3.0
    peerDependenciesMeta:
      '@opentelemetry/api':
        optional: true
      '@playwright/test':
        optional: true
      babel-plugin-react-compiler:
        optional: true
      sass:
        optional: true

  normalize-url@6.1.0:
    resolution: {integrity: sha512-DlL+XwOy3NxAQ8xuC0okPgK46iuVNAK01YN7RueYBqqFeGsBjV9XmCAzAdgt+667bCl5kPh9EqKKDwnaPG1I7A==}
    engines: {node: '>=10'}

  once@1.4.0:
    resolution: {integrity: sha512-lNaJgI+2Q5URQBkccEKHTQOPaXdUxnZZElQTZY0MFUAuaEqe1E+Nyvgdz/aIyNi6Z9MzO5dv1H8n58/GELp3+w==}

  p-cancelable@2.1.1:
    resolution: {integrity: sha512-BZOr3nRQHOntUjTrH8+Lh54smKHoHyur8We1V8DSMVrl5A2malOOwuJRnKRDjSnkoeBh4at6BwEnb5I7Jl31wg==}
    engines: {node: '>=8'}

  picocolors@1.1.1:
    resolution: {integrity: sha512-xceH2snhtb5M9liqDsmEw56le376mTZkEX/jEb/RxNFyegNul7eNslCXP9FDj/Lcu0X8KEyMceP2ntpaHrDEVA==}

  playwright-core@1.59.1:
    resolution: {integrity: sha512-HBV/RJg81z5BiiZ9yPzIiClYV/QMsDCKUyogwH9p3MCP6IYjUFu/MActgYAvK0oWyV9NlwM3GLBjADyWgydVyg==}
    engines: {node: '>=18'}
    hasBin: true

  playwright@1.59.1:
    resolution: {integrity: sha512-C8oWjPR3F81yljW9o5OxcWzfh6avkVwDD2VYdwIGqTkl+OGFISgypqzfu7dOe4QNLL2aqcWBmI3PMtLIK233lw==}
    engines: {node: '>=18'}
    hasBin: true

  postcss@8.4.31:
    resolution: {integrity: sha512-PS08Iboia9mts/2ygV3eLpY5ghnUcfLV/EXTOW1E2qYxJKGGBUtNjN76FYHnMs36RmARn41bC0AZmn+rR0OVpQ==}
    engines: {node: ^10 || ^12 || >=14}

  prisma@6.6.0:
    resolution: {integrity: sha512-SYCUykz+1cnl6Ugd8VUvtTQq5+j1Q7C0CtzKPjQ8JyA2ALh0EEJkMCS+KgdnvKW1lrxjtjCyJSHOOT236mENYg==}
    engines: {node: '>=18.18'}
    hasBin: true
    peerDependencies:
      typescript: '>=5.1.0'
    peerDependenciesMeta:
      typescript:
        optional: true

  pump@3.0.4:
    resolution: {integrity: sha512-VS7sjc6KR7e1ukRFhQSY5LM2uBWAUPiOPa/A3mkKmiMwSmRFUITt0xuj+/lesgnCv+dPIEYlkzrcyXgquIHMcA==}

  quick-lru@5.1.1:
    resolution: {integrity: sha512-WuyALRjWPDGtt/wzJiadO5AXY+8hZ80hVpe6MyivgraREW751X3SbhRvG3eLKOYN+8VEvqLcf3wdnt44Z4S4SA==}
    engines: {node: '>=10'}

  react-dom@19.2.5:
    resolution: {integrity: sha512-J5bAZz+DXMMwW/wV3xzKke59Af6CHY7G4uYLN1OvBcKEsWOs4pQExj86BBKamxl/Ik5bx9whOrvBlSDfWzgSag==}
    peerDependencies:
      react: ^19.2.5

  react@19.2.5:
    resolution: {integrity: sha512-llUJLzz1zTUBrskt2pwZgLq59AemifIftw4aB7JxOqf1HY2FDaGDxgwpAPVzHU1kdWabH7FauP4i1oEeer2WCA==}
    engines: {node: '>=0.10.0'}

  resolve-alpn@1.2.1:
    resolution: {integrity: sha512-0a1F4l73/ZFZOakJnQ3FvkJ2+gSTQWz/r2KE5OdDY0TxPm5h4GkqkWWfM47T7HsbnOtcJVEF4epCVy6u7Q3K+g==}

  responselike@2.0.1:
    resolution: {integrity: sha512-4gl03wn3hj1HP3yzgdI7d3lCkF95F21Pz4BPGvKHinyQzALR5CapwC8yIi0Rh58DEMQ/SguC03wFj2k0M/mHhw==}

  scheduler@0.27.0:
    resolution: {integrity: sha512-eNv+WrVbKu1f3vbYJT/xtiF5syA5HPIMtf9IgY/nKg0sWqzAUEvqY/xm7OcZc/qafLx/iO9FgOmeSAp4v5ti/Q==}

  semver@7.7.4:
    resolution: {integrity: sha512-vFKC2IEtQnVhpT78h1Yp8wzwrf8CM+MzKMHGJZfBtzhZNycRFnXsHk6E5TxIkkMsgNS7mdX3AGB7x2QM2di4lA==}
    engines: {node: '>=10'}
    hasBin: true

  sharp@0.34.5:
    resolution: {integrity: sha512-Ou9I5Ft9WNcCbXrU9cMgPBcCK8LiwLqcbywW3t4oDV37n1pzpuNLsYiAV8eODnjbtQlSDwZ2cUEeQz4E54Hltg==}
    engines: {node: ^18.17.0 || ^20.3.0 || >=21.0.0}

  source-map-js@1.2.1:
    resolution: {integrity: sha512-UXWMKhLOwVKb728IUtQPXxfYU+usdybtUrK/8uGE8CQMvrhOpwvzDBwj0QhSL7MQc7vIsISBG8VQ8+IDQxpfQA==}
    engines: {node: '>=0.10.0'}

  styled-jsx@5.1.6:
    resolution: {integrity: sha512-qSVyDTeMotdvQYoHWLNGwRFJHC+i+ZvdBRYosOFgC+Wg1vx4frN2/RG/NA7SYqqvKNLf39P2LSRA2pu6n0XYZA==}
    engines: {node: '>= 12.0.0'}
    peerDependencies:
      '@babel/core': '*'
      babel-plugin-macros: '*'
      react: '>= 16.8.0 || 17.x.x || ^18.0.0-0 || ^19.0.0-0'
    peerDependenciesMeta:
      '@babel/core':
        optional: true
      babel-plugin-macros:
        optional: true

  to-utf8@0.0.1:
    resolution: {integrity: sha512-zks18/TWT1iHO3v0vFp5qLKOG27m67ycq/Y7a7cTiRuUNlc4gf3HGnkRgMv0NyhnfTamtkYBJl+YeD1/j07gBQ==}

  tslib@2.8.1:
    resolution: {integrity: sha512-oJFu94HQb+KVduSUQL7wnpmqnfmLsOA/nAh6b6EH0wCEoK0/mPeXU6c3wKDV83MkOuHPRHtSXKKU99IBazS/2w==}

  turbo@2.9.6:
    resolution: {integrity: sha512-+v2QJey7ZUeUiuigkU+uFfklvNUyPI2VO2vBpMYJA+a1hKFLFiKtUYlRHdb3P9CrAvMzi0upbjI4WT+zKtqkBg==}
    hasBin: true

  typescript@5.9.3:
    resolution: {integrity: sha512-jl1vZzPDinLr9eUt3J/t7V6FgNEw9QjvBPdysz9KfQDD41fQrC2Y4vKQdiaUpFT4bXlb1RHhLpp8wtm6M5TgSw==}
    engines: {node: '>=14.17'}
    hasBin: true

  ulid@2.4.0:
    resolution: {integrity: sha512-fIRiVTJNcSRmXKPZtGzFQv9WRrZ3M9eoptl/teFJvjOzmpU+/K/JH6HZ8deBfb5vMEpicJcLn7JmvdknlMq7Zg==}
    hasBin: true

  undici-types@6.21.0:
    resolution: {integrity: sha512-iwDZqg0QAGrg9Rav5H4n0M64c3mkR59cJ6wQp+7C4nI0gsmExaedaYLNO44eT4AtBBwjbTiGPMlt2Md0T9H9JQ==}

  wrappy@1.0.2:
    resolution: {integrity: sha512-l4Sp/DRseor9wL6EvV2+TuQn63dMkPjZ/sp9XkghTEbV9KlPS1xUsZ3u7/IQO4wxtcFB4bgpQPRcR3QCvezPcQ==}

  ws@8.20.0:
    resolution: {integrity: sha512-sAt8BhgNbzCtgGbt2OxmpuryO63ZoDk/sqaB/znQm94T4fCEsy/yV+7CdC1kJhOU9lboAEU7R3kquuycDoibVA==}
    engines: {node: '>=10.0.0'}
    peerDependencies:
      bufferutil: ^4.0.1
      utf-8-validate: '>=5.0.2'
    peerDependenciesMeta:
      bufferutil:
        optional: true
      utf-8-validate:
        optional: true

snapshots:

  '@ably/msgpack-js@0.4.1':
    dependencies:
      bops: 1.0.1

  '@emnapi/runtime@1.9.2':
    dependencies:
      tslib: 2.8.1
    optional: true

  '@esbuild/aix-ppc64@0.28.0':
    optional: true

  '@esbuild/android-arm64@0.28.0':
    optional: true

  '@esbuild/android-arm@0.28.0':
    optional: true

  '@esbuild/android-x64@0.28.0':
    optional: true

  '@esbuild/darwin-arm64@0.28.0':
    optional: true

  '@esbuild/darwin-x64@0.28.0':
    optional: true

  '@esbuild/freebsd-arm64@0.28.0':
    optional: true

  '@esbuild/freebsd-x64@0.28.0':
    optional: true

  '@esbuild/linux-arm64@0.28.0':
    optional: true

  '@esbuild/linux-arm@0.28.0':
    optional: true

  '@esbuild/linux-ia32@0.28.0':
    optional: true

  '@esbuild/linux-loong64@0.28.0':
    optional: true

  '@esbuild/linux-mips64el@0.28.0':
    optional: true

  '@esbuild/linux-ppc64@0.28.0':
    optional: true

  '@esbuild/linux-riscv64@0.28.0':
    optional: true

  '@esbuild/linux-s390x@0.28.0':
    optional: true

  '@esbuild/linux-x64@0.28.0':
    optional: true

  '@esbuild/netbsd-arm64@0.28.0':
    optional: true

  '@esbuild/netbsd-x64@0.28.0':
    optional: true

  '@esbuild/openbsd-arm64@0.28.0':
    optional: true

  '@esbuild/openbsd-x64@0.28.0':
    optional: true

  '@esbuild/openharmony-arm64@0.28.0':
    optional: true

  '@esbuild/sunos-x64@0.28.0':
    optional: true

  '@esbuild/win32-arm64@0.28.0':
    optional: true

  '@esbuild/win32-ia32@0.28.0':
    optional: true

  '@esbuild/win32-x64@0.28.0':
    optional: true

  '@img/colour@1.1.0':
    optional: true

  '@img/sharp-darwin-arm64@0.34.5':
    optionalDependencies:
      '@img/sharp-libvips-darwin-arm64': 1.2.4
    optional: true

  '@img/sharp-darwin-x64@0.34.5':
    optionalDependencies:
      '@img/sharp-libvips-darwin-x64': 1.2.4
    optional: true

  '@img/sharp-libvips-darwin-arm64@1.2.4':
    optional: true

  '@img/sharp-libvips-darwin-x64@1.2.4':
    optional: true

  '@img/sharp-libvips-linux-arm64@1.2.4':
    optional: true

  '@img/sharp-libvips-linux-arm@1.2.4':
    optional: true

  '@img/sharp-libvips-linux-ppc64@1.2.4':
    optional: true

  '@img/sharp-libvips-linux-riscv64@1.2.4':
    optional: true

  '@img/sharp-libvips-linux-s390x@1.2.4':
    optional: true

  '@img/sharp-libvips-linux-x64@1.2.4':
    optional: true

  '@img/sharp-libvips-linuxmusl-arm64@1.2.4':
    optional: true

  '@img/sharp-libvips-linuxmusl-x64@1.2.4':
    optional: true

  '@img/sharp-linux-arm64@0.34.5':
    optionalDependencies:
      '@img/sharp-libvips-linux-arm64': 1.2.4
    optional: true

  '@img/sharp-linux-arm@0.34.5':
    optionalDependencies:
      '@img/sharp-libvips-linux-arm': 1.2.4
    optional: true

  '@img/sharp-linux-ppc64@0.34.5':
    optionalDependencies:
      '@img/sharp-libvips-linux-ppc64': 1.2.4
    optional: true

  '@img/sharp-linux-riscv64@0.34.5':
    optionalDependencies:
      '@img/sharp-libvips-linux-riscv64': 1.2.4
    optional: true

  '@img/sharp-linux-s390x@0.34.5':
    optionalDependencies:
      '@img/sharp-libvips-linux-s390x': 1.2.4
    optional: true

  '@img/sharp-linux-x64@0.34.5':
    optionalDependencies:
      '@img/sharp-libvips-linux-x64': 1.2.4
    optional: true

  '@img/sharp-linuxmusl-arm64@0.34.5':
    optionalDependencies:
      '@img/sharp-libvips-linuxmusl-arm64': 1.2.4
    optional: true

  '@img/sharp-linuxmusl-x64@0.34.5':
    optionalDependencies:
      '@img/sharp-libvips-linuxmusl-x64': 1.2.4
    optional: true

  '@img/sharp-wasm32@0.34.5':
    dependencies:
      '@emnapi/runtime': 1.9.2
    optional: true

  '@img/sharp-win32-arm64@0.34.5':
    optional: true

  '@img/sharp-win32-ia32@0.34.5':
    optional: true

  '@img/sharp-win32-x64@0.34.5':
    optional: true

  '@next/env@15.5.15': {}

  '@next/swc-darwin-arm64@15.5.15':
    optional: true

  '@next/swc-darwin-x64@15.5.15':
    optional: true

  '@next/swc-linux-arm64-gnu@15.5.15':
    optional: true

  '@next/swc-linux-arm64-musl@15.5.15':
    optional: true

  '@next/swc-linux-x64-gnu@15.5.15':
    optional: true

  '@next/swc-linux-x64-musl@15.5.15':
    optional: true

  '@next/swc-win32-arm64-msvc@15.5.15':
    optional: true

  '@next/swc-win32-x64-msvc@15.5.15':
    optional: true

  '@playwright/test@1.59.1':
    dependencies:
      playwright: 1.59.1

  '@prisma/client@6.6.0(prisma@6.6.0(typescript@5.9.3))(typescript@5.9.3)':
    optionalDependencies:
      prisma: 6.6.0(typescript@5.9.3)
      typescript: 5.9.3

  '@prisma/config@6.6.0':
    dependencies:
      esbuild: 0.28.0
      esbuild-register: 3.6.0(esbuild@0.28.0)
    transitivePeerDependencies:
      - supports-color

  '@prisma/debug@6.6.0': {}

  '@prisma/engines-version@6.6.0-53.f676762280b54cd07c770017ed3711ddde35f37a': {}

  '@prisma/engines@6.6.0':
    dependencies:
      '@prisma/debug': 6.6.0
      '@prisma/engines-version': 6.6.0-53.f676762280b54cd07c770017ed3711ddde35f37a
      '@prisma/fetch-engine': 6.6.0
      '@prisma/get-platform': 6.6.0

  '@prisma/fetch-engine@6.6.0':
    dependencies:
      '@prisma/debug': 6.6.0
      '@prisma/engines-version': 6.6.0-53.f676762280b54cd07c770017ed3711ddde35f37a
      '@prisma/get-platform': 6.6.0

  '@prisma/get-platform@6.6.0':
    dependencies:
      '@prisma/debug': 6.6.0

  '@prisma/nextjs-monorepo-workaround-plugin@6.19.3': {}

  '@sindresorhus/is@4.6.0': {}

  '@swc/helpers@0.5.15':
    dependencies:
      tslib: 2.8.1

  '@szmarczak/http-timer@4.0.6':
    dependencies:
      defer-to-connect: 2.0.1

  '@turbo/darwin-64@2.9.6':
    optional: true

  '@turbo/darwin-arm64@2.9.6':
    optional: true

  '@turbo/linux-64@2.9.6':
    optional: true

  '@turbo/linux-arm64@2.9.6':
    optional: true

  '@turbo/windows-64@2.9.6':
    optional: true

  '@turbo/windows-arm64@2.9.6':
    optional: true

  '@types/cacheable-request@6.0.3':
    dependencies:
      '@types/http-cache-semantics': 4.2.0
      '@types/keyv': 3.1.4
      '@types/node': 22.19.17
      '@types/responselike': 1.0.3

  '@types/http-cache-semantics@4.2.0': {}

  '@types/keyv@3.1.4':
    dependencies:
      '@types/node': 22.19.17

  '@types/node@22.19.17':
    dependencies:
      undici-types: 6.21.0

  '@types/react-dom@19.2.3(@types/react@19.2.14)':
    dependencies:
      '@types/react': 19.2.14

  '@types/react@19.2.14':
    dependencies:
      csstype: 3.2.3

  '@types/responselike@1.0.3':
    dependencies:
      '@types/node': 22.19.17

  ably@2.21.0(react-dom@19.2.5(react@19.2.5))(react@19.2.5):
    dependencies:
      '@ably/msgpack-js': 0.4.1
      dequal: 2.0.3
      fastestsmallesttextencoderdecoder: 1.0.22
      got: 11.8.6
      ulid: 2.4.0
      ws: 8.20.0
    optionalDependencies:
      react: 19.2.5
      react-dom: 19.2.5(react@19.2.5)
    transitivePeerDependencies:
      - bufferutil
      - utf-8-validate

  base64-js@1.0.2: {}

  bops@1.0.1:
    dependencies:
      base64-js: 1.0.2
      to-utf8: 0.0.1

  cacheable-lookup@5.0.4: {}

  cacheable-request@7.0.4:
    dependencies:
      clone-response: 1.0.3
      get-stream: 5.2.0
      http-cache-semantics: 4.2.0
      keyv: 4.5.4
      lowercase-keys: 2.0.0
      normalize-url: 6.1.0
      responselike: 2.0.1

  caniuse-lite@1.0.30001787: {}

  client-only@0.0.1: {}

  clone-response@1.0.3:
    dependencies:
      mimic-response: 1.0.1

  csstype@3.2.3: {}

  debug@4.4.3:
    dependencies:
      ms: 2.1.3

  decompress-response@6.0.0:
    dependencies:
      mimic-response: 3.1.0

  defer-to-connect@2.0.1: {}

  dequal@2.0.3: {}

  detect-libc@2.1.2:
    optional: true

  end-of-stream@1.4.5:
    dependencies:
      once: 1.4.0

  esbuild-register@3.6.0(esbuild@0.28.0):
    dependencies:
      debug: 4.4.3
      esbuild: 0.28.0
    transitivePeerDependencies:
      - supports-color

  esbuild@0.28.0:
    optionalDependencies:
      '@esbuild/aix-ppc64': 0.28.0
      '@esbuild/android-arm': 0.28.0
      '@esbuild/android-arm64': 0.28.0
      '@esbuild/android-x64': 0.28.0
      '@esbuild/darwin-arm64': 0.28.0
      '@esbuild/darwin-x64': 0.28.0
      '@esbuild/freebsd-arm64': 0.28.0
      '@esbuild/freebsd-x64': 0.28.0
      '@esbuild/linux-arm': 0.28.0
      '@esbuild/linux-arm64': 0.28.0
      '@esbuild/linux-ia32': 0.28.0
      '@esbuild/linux-loong64': 0.28.0
      '@esbuild/linux-mips64el': 0.28.0
      '@esbuild/linux-ppc64': 0.28.0
      '@esbuild/linux-riscv64': 0.28.0
      '@esbuild/linux-s390x': 0.28.0
      '@esbuild/linux-x64': 0.28.0
      '@esbuild/netbsd-arm64': 0.28.0
      '@esbuild/netbsd-x64': 0.28.0
      '@esbuild/openbsd-arm64': 0.28.0
      '@esbuild/openbsd-x64': 0.28.0
      '@esbuild/openharmony-arm64': 0.28.0
      '@esbuild/sunos-x64': 0.28.0
      '@esbuild/win32-arm64': 0.28.0
      '@esbuild/win32-ia32': 0.28.0
      '@esbuild/win32-x64': 0.28.0

  fastestsmallesttextencoderdecoder@1.0.22: {}

  fsevents@2.3.2:
    optional: true

  fsevents@2.3.3:
    optional: true

  get-stream@5.2.0:
    dependencies:
      pump: 3.0.4

  got@11.8.6:
    dependencies:
      '@sindresorhus/is': 4.6.0
      '@szmarczak/http-timer': 4.0.6
      '@types/cacheable-request': 6.0.3
      '@types/responselike': 1.0.3
      cacheable-lookup: 5.0.4
      cacheable-request: 7.0.4
      decompress-response: 6.0.0
      http2-wrapper: 1.0.3
      lowercase-keys: 2.0.0
      p-cancelable: 2.1.1
      responselike: 2.0.1

  http-cache-semantics@4.2.0: {}

  http2-wrapper@1.0.3:
    dependencies:
      quick-lru: 5.1.1
      resolve-alpn: 1.2.1

  json-buffer@3.0.1: {}

  keyv@4.5.4:
    dependencies:
      json-buffer: 3.0.1

  lowercase-keys@2.0.0: {}

  mimic-response@1.0.1: {}

  mimic-response@3.1.0: {}

  ms@2.1.3: {}

  nanoid@3.3.11: {}

  next@15.5.15(@playwright/test@1.59.1)(react-dom@19.2.5(react@19.2.5))(react@19.2.5):
    dependencies:
      '@next/env': 15.5.15
      '@swc/helpers': 0.5.15
      caniuse-lite: 1.0.30001787
      postcss: 8.4.31
      react: 19.2.5
      react-dom: 19.2.5(react@19.2.5)
      styled-jsx: 5.1.6(react@19.2.5)
    optionalDependencies:
      '@next/swc-darwin-arm64': 15.5.15
      '@next/swc-darwin-x64': 15.5.15
      '@next/swc-linux-arm64-gnu': 15.5.15
      '@next/swc-linux-arm64-musl': 15.5.15
      '@next/swc-linux-x64-gnu': 15.5.15
      '@next/swc-linux-x64-musl': 15.5.15
      '@next/swc-win32-arm64-msvc': 15.5.15
      '@next/swc-win32-x64-msvc': 15.5.15
      '@playwright/test': 1.59.1
      sharp: 0.34.5
    transitivePeerDependencies:
      - '@babel/core'
      - babel-plugin-macros

  normalize-url@6.1.0: {}

  once@1.4.0:
    dependencies:
      wrappy: 1.0.2

  p-cancelable@2.1.1: {}

  picocolors@1.1.1: {}

  playwright-core@1.59.1: {}

  playwright@1.59.1:
    dependencies:
      playwright-core: 1.59.1
    optionalDependencies:
      fsevents: 2.3.2

  postcss@8.4.31:
    dependencies:
      nanoid: 3.3.11
      picocolors: 1.1.1
      source-map-js: 1.2.1

  prisma@6.6.0(typescript@5.9.3):
    dependencies:
      '@prisma/config': 6.6.0
      '@prisma/engines': 6.6.0
    optionalDependencies:
      fsevents: 2.3.3
      typescript: 5.9.3
    transitivePeerDependencies:
      - supports-color

  pump@3.0.4:
    dependencies:
      end-of-stream: 1.4.5
      once: 1.4.0

  quick-lru@5.1.1: {}

  react-dom@19.2.5(react@19.2.5):
    dependencies:
      react: 19.2.5
      scheduler: 0.27.0

  react@19.2.5: {}

  resolve-alpn@1.2.1: {}

  responselike@2.0.1:
    dependencies:
      lowercase-keys: 2.0.0

  scheduler@0.27.0: {}

  semver@7.7.4:
    optional: true

  sharp@0.34.5:
    dependencies:
      '@img/colour': 1.1.0
      detect-libc: 2.1.2
      semver: 7.7.4
    optionalDependencies:
      '@img/sharp-darwin-arm64': 0.34.5
      '@img/sharp-darwin-x64': 0.34.5
      '@img/sharp-libvips-darwin-arm64': 1.2.4
      '@img/sharp-libvips-darwin-x64': 1.2.4
      '@img/sharp-libvips-linux-arm': 1.2.4
      '@img/sharp-libvips-linux-arm64': 1.2.4
      '@img/sharp-libvips-linux-ppc64': 1.2.4
      '@img/sharp-libvips-linux-riscv64': 1.2.4
      '@img/sharp-libvips-linux-s390x': 1.2.4
      '@img/sharp-libvips-linux-x64': 1.2.4
      '@img/sharp-libvips-linuxmusl-arm64': 1.2.4
      '@img/sharp-libvips-linuxmusl-x64': 1.2.4
      '@img/sharp-linux-arm': 0.34.5
      '@img/sharp-linux-arm64': 0.34.5
      '@img/sharp-linux-ppc64': 0.34.5
      '@img/sharp-linux-riscv64': 0.34.5
      '@img/sharp-linux-s390x': 0.34.5
      '@img/sharp-linux-x64': 0.34.5
      '@img/sharp-linuxmusl-arm64': 0.34.5
      '@img/sharp-linuxmusl-x64': 0.34.5
      '@img/sharp-wasm32': 0.34.5
      '@img/sharp-win32-arm64': 0.34.5
      '@img/sharp-win32-ia32': 0.34.5
      '@img/sharp-win32-x64': 0.34.5
    optional: true

  source-map-js@1.2.1: {}

  styled-jsx@5.1.6(react@19.2.5):
    dependencies:
      client-only: 0.0.1
      react: 19.2.5

  to-utf8@0.0.1: {}

  tslib@2.8.1: {}

  turbo@2.9.6:
    optionalDependencies:
      '@turbo/darwin-64': 2.9.6
      '@turbo/darwin-arm64': 2.9.6
      '@turbo/linux-64': 2.9.6
      '@turbo/linux-arm64': 2.9.6
      '@turbo/windows-64': 2.9.6
      '@turbo/windows-arm64': 2.9.6

  typescript@5.9.3: {}

  ulid@2.4.0: {}

  undici-types@6.21.0: {}

  wrappy@1.0.2: {}

  ws@8.20.0: {}
